# Exact environment resolved by uv 0.12.5 on CPython 3.13.15 / Linux x86_64.
click==8.5.0
fsspec==2026.2.0
msgspec==0.21.1
nautilus-trader==1.231.0
numpy==2.5.2
pandas==3.0.5
portion==2.6.2
pyarrow==25.0.1
python-dateutil==2.9.0.post0
pytz==2026.3.post1
six==1.17.0
sortedcontainers==2.4.0
tqdm==4.70.0
tzdata==2026.3
uvloop==0.22.1
websockets==17.0.1
